
Microsoft Visual Studio Solution File, Format Version 12.00
# Visual Studio Version 16
VisualStudioVersion = 16.0.31005.135
MinimumVisualStudioVersion = 10.0.40219.1
Project("{FAE04EC0-301F-11D3-BF4B-00C04F79EFBC}") = "Routing", "Routing\Routing.csproj", "{29F16E8B-4143-42BF-9C92-49817BCE5B11}"
EndProject
Project("{FAE04EC0-301F-11D3-BF4B-00C04F79EFBC}") = "Routing.Npgsql", "Routing.Npgsql\Routing.Npgsql.csproj", "{4F5A7DB3-910D-42E7-B34F-DED554F1E42F}"
EndProject
Global
	GlobalSection(SolutionConfigurationPlatforms) = preSolution
		Debug|Any CPU = Debug|Any CPU
		Release|Any CPU = Release|Any CPU
	EndGlobalSection
	GlobalSection(ProjectConfigurationPlatforms) = postSolution
		{29F16E8B-4143-42BF-9C92-49817BCE5B11}.Debug|Any CPU.ActiveCfg = Debug|Any CPU
		{29F16E8B-4143-42BF-9C92-49817BCE5B11}.Debug|Any CPU.Build.0 = Debug|Any CPU
		{29F16E8B-4143-42BF-9C92-49817BCE5B11}.Release|Any CPU.ActiveCfg = Release|Any CPU
		{29F16E8B-4143-42BF-9C92-49817BCE5B11}.Release|Any CPU.Build.0 = Release|Any CPU
		{4F5A7DB3-910D-42E7-B34F-DED554F1E42F}.Debug|Any CPU.ActiveCfg = Debug|Any CPU
		{4F5A7DB3-910D-42E7-B34F-DED554F1E42F}.Debug|Any CPU.Build.0 = Debug|Any CPU
		{4F5A7DB3-910D-42E7-B34F-DED554F1E42F}.Release|Any CPU.ActiveCfg = Release|Any CPU
		{4F5A7DB3-910D-42E7-B34F-DED554F1E42F}.Release|Any CPU.Build.0 = Release|Any CPU
	EndGlobalSection
	GlobalSection(SolutionProperties) = preSolution
		HideSolutionNode = FALSE
	EndGlobalSection
	GlobalSection(ExtensibilityGlobals) = postSolution
		SolutionGuid = {DAD1B409-8878-477D-8A29-942C6A23A7D0}
	EndGlobalSection
EndGlobal
